// !$*UTF8*$!
{
	archiveVersion = 1;
	classes = {
	};
	objectVersion = 48;
	objects = {

/* Begin PBXBuildFile section */
		8E5501B01FA4E3260096482F /* AddressModel.swift in Sources */ = {isa = PBXBuildFile; fileRef = 8E5501AF1FA4E3260096482F /* AddressModel.swift */; };
		8E5501B21FA4ED070096482F /* address1.plist in Resources */ = {isa = PBXBuildFile; fileRef = 8E5501B11FA4ED070096482F /* address1.plist */; };
		8E77BB811FA5A88900C8FA7E /* cardBg.jpg in Resources */ = {isa = PBXBuildFile; fileRef = 8E77BB801FA5A88900C8FA7E /* cardBg.jpg */; };
		8E77BB851FA5A99000C8FA7E /* card.plist in Resources */ = {isa = PBXBuildFile; fileRef = 8E77BB841FA5A99000C8FA7E /* card.plist */; };
		8E77BB871FA5AA3E00C8FA7E /* CardModel.swift in Sources */ = {isa = PBXBuildFile; fileRef = 8E77BB861FA5AA3E00C8FA7E /* CardModel.swift */; };
		8E77BB8B1FA5ABA400C8FA7E /* CardCell.swift in Sources */ = {isa = PBXBuildFile; fileRef = 8E77BB891FA5ABA400C8FA7E /* CardCell.swift */; };
		8E77BB8C1FA5ABA400C8FA7E /* CardCell.xib in Resources */ = {isa = PBXBuildFile; fileRef = 8E77BB8A1FA5ABA400C8FA7E /* CardCell.xib */; };
		8E77BB9C1FA5B0FC00C8FA7E /* edit-2.jpg in Resources */ = {isa = PBXBuildFile; fileRef = 8E77BB981FA5B0FC00C8FA7E /* edit-2.jpg */; };
		8E77BB9D1FA5B0FC00C8FA7E /* edit-1.jpg in Resources */ = {isa = PBXBuildFile; fileRef = 8E77BB991FA5B0FC00C8FA7E /* edit-1.jpg */; };
		8E77BB9E1FA5B0FC00C8FA7E /* edit-3.jpg in Resources */ = {isa = PBXBuildFile; fileRef = 8E77BB9A1FA5B0FC00C8FA7E /* edit-3.jpg */; };
		8E77BB9F1FA5B0FC00C8FA7E /* edit-0.jpg in Resources */ = {isa = PBXBuildFile; fileRef = 8E77BB9B1FA5B0FC00C8FA7E /* edit-0.jpg */; };
		8E77BBA11FA5B11200C8FA7E /* edit.plist in Resources */ = {isa = PBXBuildFile; fileRef = 8E77BBA01FA5B11200C8FA7E /* edit.plist */; };
		8E77BBA31FA5B1BD00C8FA7E /* EditModel.swift in Sources */ = {isa = PBXBuildFile; fileRef = 8E77BBA21FA5B1BD00C8FA7E /* EditModel.swift */; };
		8E77BBAC1FA5B3D000C8FA7E /* EditCell.swift in Sources */ = {isa = PBXBuildFile; fileRef = 8E77BBAA1FA5B3D000C8FA7E /* EditCell.swift */; };
		8E77BBAD1FA5B3D000C8FA7E /* EditCell.xib in Resources */ = {isa = PBXBuildFile; fileRef = 8E77BBAB1FA5B3D000C8FA7E /* EditCell.xib */; };
		8E77BBB81FA5BA9C00C8FA7E /* air.png in Resources */ = {isa = PBXBuildFile; fileRef = 8E77BBB01FA5BA9C00C8FA7E /* air.png */; };
		8E77BBB91FA5BA9C00C8FA7E /* phone_de.png in Resources */ = {isa = PBXBuildFile; fileRef = 8E77BBB11FA5BA9C00C8FA7E /* phone_de.png */; };
		8E77BBBA1FA5BA9C00C8FA7E /* air_de.png in Resources */ = {isa = PBXBuildFile; fileRef = 8E77BBB21FA5BA9C00C8FA7E /* air_de.png */; };
		8E77BBBB1FA5BA9C00C8FA7E /* talk.png in Resources */ = {isa = PBXBuildFile; fileRef = 8E77BBB31FA5BA9C00C8FA7E /* talk.png */; };
		8E77BBBC1FA5BA9C00C8FA7E /* talk_de.png in Resources */ = {isa = PBXBuildFile; fileRef = 8E77BBB41FA5BA9C00C8FA7E /* talk_de.png */; };
		8E77BBBD1FA5BA9C00C8FA7E /* shop_de.png in Resources */ = {isa = PBXBuildFile; fileRef = 8E77BBB51FA5BA9C00C8FA7E /* shop_de.png */; };
		8E77BBBE1FA5BA9C00C8FA7E /* phone.png in Resources */ = {isa = PBXBuildFile; fileRef = 8E77BBB61FA5BA9C00C8FA7E /* phone.png */; };
		8E77BBBF1FA5BA9C00C8FA7E /* shop.png in Resources */ = {isa = PBXBuildFile; fileRef = 8E77BBB71FA5BA9C00C8FA7E /* shop.png */; };
		8E77BBC11FA5BABB00C8FA7E /* todolist.plist in Resources */ = {isa = PBXBuildFile; fileRef = 8E77BBC01FA5BABB00C8FA7E /* todolist.plist */; };
		8E77BBC31FA5BBAF00C8FA7E /* TodolistModel.swift in Sources */ = {isa = PBXBuildFile; fileRef = 8E77BBC21FA5BBAF00C8FA7E /* TodolistModel.swift */; };
		8E7C0D7D1FA5C0F400A2D011 /* AddController.swift in Sources */ = {isa = PBXBuildFile; fileRef = 8E7C0D7B1FA5C0F400A2D011 /* AddController.swift */; };
		8E7C0D7E1FA5C0F400A2D011 /* AddController.xib in Resources */ = {isa = PBXBuildFile; fileRef = 8E7C0D7C1FA5C0F400A2D011 /* AddController.xib */; };
		8E884BBE1FA4306300920FF4 /* avatar-1.jpg in Resources */ = {isa = PBXBuildFile; fileRef = 8E884BB61FA4306200920FF4 /* avatar-1.jpg */; };
		8E884BBF1FA4306300920FF4 /* avatar-0.jpg in Resources */ = {isa = PBXBuildFile; fileRef = 8E884BB71FA4306200920FF4 /* avatar-0.jpg */; };
		8E884BC01FA4306300920FF4 /* avatar-7.jpg in Resources */ = {isa = PBXBuildFile; fileRef = 8E884BB81FA4306200920FF4 /* avatar-7.jpg */; };
		8E884BC11FA4306300920FF4 /* avatar-6.jpg in Resources */ = {isa = PBXBuildFile; fileRef = 8E884BB91FA4306200920FF4 /* avatar-6.jpg */; };
		8E884BC21FA4306300920FF4 /* avatar-2.jpg in Resources */ = {isa = PBXBuildFile; fileRef = 8E884BBA1FA4306300920FF4 /* avatar-2.jpg */; };
		8E884BC31FA4306300920FF4 /* avatar-4.jpg in Resources */ = {isa = PBXBuildFile; fileRef = 8E884BBB1FA4306300920FF4 /* avatar-4.jpg */; };
		8E884BC41FA4306300920FF4 /* avatar-5.jpg in Resources */ = {isa = PBXBuildFile; fileRef = 8E884BBC1FA4306300920FF4 /* avatar-5.jpg */; };
		8E884BC51FA4306300920FF4 /* avatar-3.jpg in Resources */ = {isa = PBXBuildFile; fileRef = 8E884BBD1FA4306300920FF4 /* avatar-3.jpg */; };
		8E884BC81FA4364600920FF4 /* AddressGroupModel.swift in Sources */ = {isa = PBXBuildFile; fileRef = 8E884BC71FA4364600920FF4 /* AddressGroupModel.swift */; };
		8E9F20571FA5912E006D74EE /* card-0.jpg in Resources */ = {isa = PBXBuildFile; fileRef = 8E9F20531FA5912D006D74EE /* card-0.jpg */; };
		8E9F20581FA5912E006D74EE /* card-2.jpg in Resources */ = {isa = PBXBuildFile; fileRef = 8E9F20541FA5912D006D74EE /* card-2.jpg */; };
		8E9F20591FA5912E006D74EE /* card-1.jpg in Resources */ = {isa = PBXBuildFile; fileRef = 8E9F20551FA5912D006D74EE /* card-1.jpg */; };
		8E9F205A1FA5912E006D74EE /* card-3.jpg in Resources */ = {isa = PBXBuildFile; fileRef = 8E9F20561FA5912E006D74EE /* card-3.jpg */; };
		8EACBFD61FA4F6CB0095797A /* InfoController.swift in Sources */ = {isa = PBXBuildFile; fileRef = 8EACBFD41FA4F6CB0095797A /* InfoController.swift */; };
		8EACBFDB1FA565660095797A /* AddressCell.swift in Sources */ = {isa = PBXBuildFile; fileRef = 8EACBFD91FA565660095797A /* AddressCell.swift */; };
		8EACBFDC1FA565660095797A /* AddressCell.xib in Resources */ = {isa = PBXBuildFile; fileRef = 8EACBFDA1FA565660095797A /* AddressCell.xib */; };
		8EACBFE01FA57ED10095797A /* String-extension.swift in Sources */ = {isa = PBXBuildFile; fileRef = 8EACBFDF1FA57ED10095797A /* String-extension.swift */; };
		8EC63C6F1F94D53400B52CBC /* Main.storyboard in Resources */ = {isa = PBXBuildFile; fileRef = 8EC63C6D1F94D53400B52CBC /* Main.storyboard */; };
		8EC63C711F94D53400B52CBC /* Assets.xcassets in Resources */ = {isa = PBXBuildFile; fileRef = 8EC63C701F94D53400B52CBC /* Assets.xcassets */; };
		8EC63C741F94D53400B52CBC /* LaunchScreen.storyboard in Resources */ = {isa = PBXBuildFile; fileRef = 8EC63C721F94D53400B52CBC /* LaunchScreen.storyboard */; };
		8EC63C7F1F94D53500B52CBC /* FirstWeekTests.swift in Sources */ = {isa = PBXBuildFile; fileRef = 8EC63C7E1F94D53500B52CBC /* FirstWeekTests.swift */; };
		8EC63C8A1F94D53500B52CBC /* FirstWeekUITests.swift in Sources */ = {isa = PBXBuildFile; fileRef = 8EC63C891F94D53500B52CBC /* FirstWeekUITests.swift */; };
		8EC63CCD1F94D57000B52CBC /* UIView-extension.swift in Sources */ = {isa = PBXBuildFile; fileRef = 8EC63CC31F94D56900B52CBC /* UIView-extension.swift */; };
		8EC63CCE1F94D57600B52CBC /* MainViewController.swift in Sources */ = {isa = PBXBuildFile; fileRef = 8EC63CC61F94D56900B52CBC /* MainViewController.swift */; };
		8EC63CCF1F94D57E00B52CBC /* AppDelegate.swift in Sources */ = {isa = PBXBuildFile; fileRef = 8EC63CCA1F94D56900B52CBC /* AppDelegate.swift */; };
		8EC63CD01F94D57E00B52CBC /* homework.plist in Resources */ = {isa = PBXBuildFile; fileRef = 8EC63CCB1F94D56900B52CBC /* homework.plist */; };
		8EC63CD21F94D58300B52CBC /* HomeworkModel.swift in Sources */ = {isa = PBXBuildFile; fileRef = 8EC63CC81F94D56900B52CBC /* HomeworkModel.swift */; };
		8EC63CD31F94D58C00B52CBC /* Demo0Controller.swift in Sources */ = {isa = PBXBuildFile; fileRef = 8EC63C9B1F94D56900B52CBC /* Demo0Controller.swift */; };
		8EC63CD61F94DA7C00B52CBC /* Demo1Controller.swift in Sources */ = {isa = PBXBuildFile; fileRef = 8EC63CD51F94DA7C00B52CBC /* Demo1Controller.swift */; };
		8EC63CD81F94DA9B00B52CBC /* Demo2Controller.swift in Sources */ = {isa = PBXBuildFile; fileRef = 8EC63CD71F94DA9B00B52CBC /* Demo2Controller.swift */; };
		8EC63CDA1F94DAA600B52CBC /* Demo3Controller.swift in Sources */ = {isa = PBXBuildFile; fileRef = 8EC63CD91F94DAA600B52CBC /* Demo3Controller.swift */; };
		8EDE0C7F1F9C94CF00B0610A /* FirstWeek.swift in Sources */ = {isa = PBXBuildFile; fileRef = 8EDE0C7E1F9C94CF00B0610A /* FirstWeek.swift */; };
		8EDE0C811F9C958900B0610A /* UIColor-extension.swift in Sources */ = {isa = PBXBuildFile; fileRef = 8EDE0C801F9C958900B0610A /* UIColor-extension.swift */; };
/* End PBXBuildFile section */

/* Begin PBXContainerItemProxy section */
		8EC63C7B1F94D53500B52CBC /* PBXContainerItemProxy */ = {
			isa = PBXContainerItemProxy;
			containerPortal = 8EC63C5E1F94D53400B52CBC /* Project object */;
			proxyType = 1;
			remoteGlobalIDString = 8EC63C651F94D53400B52CBC;
			remoteInfo = FirstWeek;
		};
		8EC63C861F94D53500B52CBC /* PBXContainerItemProxy */ = {
			isa = PBXContainerItemProxy;
			containerPortal = 8EC63C5E1F94D53400B52CBC /* Project object */;
			proxyType = 1;
			remoteGlobalIDString = 8EC63C651F94D53400B52CBC;
			remoteInfo = FirstWeek;
		};
/* End PBXContainerItemProxy section */

/* Begin PBXFileReference section */
		8E5501AF1FA4E3260096482F /* AddressModel.swift */ = {isa = PBXFileReference; lastKnownFileType = sourcecode.swift; path = AddressModel.swift; sourceTree = "<group>"; };
		8E5501B11FA4ED070096482F /* address1.plist */ = {isa = PBXFileReference; fileEncoding = 4; lastKnownFileType = text.plist.xml; path = address1.plist; sourceTree = "<group>"; };
		8E77BB801FA5A88900C8FA7E /* cardBg.jpg */ = {isa = PBXFileReference; lastKnownFileType = image.jpeg; path = cardBg.jpg; sourceTree = "<group>"; };
		8E77BB841FA5A99000C8FA7E /* card.plist */ = {isa = PBXFileReference; lastKnownFileType = text.plist.xml; path = card.plist; sourceTree = "<group>"; };
		8E77BB861FA5AA3E00C8FA7E /* CardModel.swift */ = {isa = PBXFileReference; lastKnownFileType = sourcecode.swift; path = CardModel.swift; sourceTree = "<group>"; };
		8E77BB891FA5ABA400C8FA7E /* CardCell.swift */ = {isa = PBXFileReference; lastKnownFileType = sourcecode.swift; path = CardCell.swift; sourceTree = "<group>"; };
		8E77BB8A1FA5ABA400C8FA7E /* CardCell.xib */ = {isa = PBXFileReference; lastKnownFileType = file.xib; path = CardCell.xib; sourceTree = "<group>"; };
		8E77BB981FA5B0FC00C8FA7E /* edit-2.jpg */ = {isa = PBXFileReference; lastKnownFileType = image.jpeg; path = "edit-2.jpg"; sourceTree = "<group>"; };
		8E77BB991FA5B0FC00C8FA7E /* edit-1.jpg */ = {isa = PBXFileReference; lastKnownFileType = image.jpeg; path = "edit-1.jpg"; sourceTree = "<group>"; };
		8E77BB9A1FA5B0FC00C8FA7E /* edit-3.jpg */ = {isa = PBXFileReference; lastKnownFileType = image.jpeg; path = "edit-3.jpg"; sourceTree = "<group>"; };
		8E77BB9B1FA5B0FC00C8FA7E /* edit-0.jpg */ = {isa = PBXFileReference; lastKnownFileType = image.jpeg; path = "edit-0.jpg"; sourceTree = "<group>"; };
		8E77BBA01FA5B11200C8FA7E /* edit.plist */ = {isa = PBXFileReference; lastKnownFileType = text.plist.xml; path = edit.plist; sourceTree = "<group>"; };
		8E77BBA21FA5B1BD00C8FA7E /* EditModel.swift */ = {isa = PBXFileReference; lastKnownFileType = sourcecode.swift; path = EditModel.swift; sourceTree = "<group>"; };
		8E77BBAA1FA5B3D000C8FA7E /* EditCell.swift */ = {isa = PBXFileReference; lastKnownFileType = sourcecode.swift; path = EditCell.swift; sourceTree = "<group>"; };
		8E77BBAB1FA5B3D000C8FA7E /* EditCell.xib */ = {isa = PBXFileReference; lastKnownFileType = file.xib; path = EditCell.xib; sourceTree = "<group>"; };
		8E77BBB01FA5BA9C00C8FA7E /* air.png */ = {isa = PBXFileReference; lastKnownFileType = image.png; path = air.png; sourceTree = "<group>"; };
		8E77BBB11FA5BA9C00C8FA7E /* phone_de.png */ = {isa = PBXFileReference; lastKnownFileType = image.png; path = phone_de.png; sourceTree = "<group>"; };
		8E77BBB21FA5BA9C00C8FA7E /* air_de.png */ = {isa = PBXFileReference; lastKnownFileType = image.png; path = air_de.png; sourceTree = "<group>"; };
		8E77BBB31FA5BA9C00C8FA7E /* talk.png */ = {isa = PBXFileReference; lastKnownFileType = image.png; path = talk.png; sourceTree = "<group>"; };
		8E77BBB41FA5BA9C00C8FA7E /* talk_de.png */ = {isa = PBXFileReference; lastKnownFileType = image.png; path = talk_de.png; sourceTree = "<group>"; };
		8E77BBB51FA5BA9C00C8FA7E /* shop_de.png */ = {isa = PBXFileReference; lastKnownFileType = image.png; path = shop_de.png; sourceTree = "<group>"; };
		8E77BBB61FA5BA9C00C8FA7E /* phone.png */ = {isa = PBXFileReference; lastKnownFileType = image.png; path = phone.png; sourceTree = "<group>"; };
		8E77BBB71FA5BA9C00C8FA7E /* shop.png */ = {isa = PBXFileReference; lastKnownFileType = image.png; path = shop.png; sourceTree = "<group>"; };
		8E77BBC01FA5BABB00C8FA7E /* todolist.plist */ = {isa = PBXFileReference; lastKnownFileType = text.plist.xml; path = todolist.plist; sourceTree = "<group>"; };
		8E77BBC21FA5BBAF00C8FA7E /* TodolistModel.swift */ = {isa = PBXFileReference; lastKnownFileType = sourcecode.swift; path = TodolistModel.swift; sourceTree = "<group>"; };
		8E7C0D7B1FA5C0F400A2D011 /* AddController.swift */ = {isa = PBXFileReference; lastKnownFileType = sourcecode.swift; path = AddController.swift; sourceTree = "<group>"; };
		8E7C0D7C1FA5C0F400A2D011 /* AddController.xib */ = {isa = PBXFileReference; lastKnownFileType = file.xib; path = AddController.xib; sourceTree = "<group>"; };
		8E884BB61FA4306200920FF4 /* avatar-1.jpg */ = {isa = PBXFileReference; lastKnownFileType = image.jpeg; path = "avatar-1.jpg"; sourceTree = "<group>"; };
		8E884BB71FA4306200920FF4 /* avatar-0.jpg */ = {isa = PBXFileReference; lastKnownFileType = image.jpeg; path = "avatar-0.jpg"; sourceTree = "<group>"; };
		8E884BB81FA4306200920FF4 /* avatar-7.jpg */ = {isa = PBXFileReference; lastKnownFileType = image.jpeg; path = "avatar-7.jpg"; sourceTree = "<group>"; };
		8E884BB91FA4306200920FF4 /* avatar-6.jpg */ = {isa = PBXFileReference; lastKnownFileType = image.jpeg; path = "avatar-6.jpg"; sourceTree = "<group>"; };
		8E884BBA1FA4306300920FF4 /* avatar-2.jpg */ = {isa = PBXFileReference; lastKnownFileType = image.jpeg; path = "avatar-2.jpg"; sourceTree = "<group>"; };
		8E884BBB1FA4306300920FF4 /* avatar-4.jpg */ = {isa = PBXFileReference; lastKnownFileType = image.jpeg; path = "avatar-4.jpg"; sourceTree = "<group>"; };
		8E884BBC1FA4306300920FF4 /* avatar-5.jpg */ = {isa = PBXFileReference; lastKnownFileType = image.jpeg; path = "avatar-5.jpg"; sourceTree = "<group>"; };
		8E884BBD1FA4306300920FF4 /* avatar-3.jpg */ = {isa = PBXFileReference; lastKnownFileType = image.jpeg; path = "avatar-3.jpg"; sourceTree = "<group>"; };
		8E884BC71FA4364600920FF4 /* AddressGroupModel.swift */ = {isa = PBXFileReference; lastKnownFileType = sourcecode.swift; path = AddressGroupModel.swift; sourceTree = "<group>"; };
		8E9F20531FA5912D006D74EE /* card-0.jpg */ = {isa = PBXFileReference; lastKnownFileType = image.jpeg; path = "card-0.jpg"; sourceTree = "<group>"; };
		8E9F20541FA5912D006D74EE /* card-2.jpg */ = {isa = PBXFileReference; lastKnownFileType = image.jpeg; path = "card-2.jpg"; sourceTree = "<group>"; };
		8E9F20551FA5912D006D74EE /* card-1.jpg */ = {isa = PBXFileReference; lastKnownFileType = image.jpeg; path = "card-1.jpg"; sourceTree = "<group>"; };
		8E9F20561FA5912E006D74EE /* card-3.jpg */ = {isa = PBXFileReference; lastKnownFileType = image.jpeg; path = "card-3.jpg"; sourceTree = "<group>"; };
		8EACBFD41FA4F6CB0095797A /* InfoController.swift */ = {isa = PBXFileReference; lastKnownFileType = sourcecode.swift; path = InfoController.swift; sourceTree = "<group>"; };
		8EACBFD91FA565660095797A /* AddressCell.swift */ = {isa = PBXFileReference; lastKnownFileType = sourcecode.swift; path = AddressCell.swift; sourceTree = "<group>"; };
		8EACBFDA1FA565660095797A /* AddressCell.xib */ = {isa = PBXFileReference; lastKnownFileType = file.xib; path = AddressCell.xib; sourceTree = "<group>"; };
		8EACBFDF1FA57ED10095797A /* String-extension.swift */ = {isa = PBXFileReference; lastKnownFileType = sourcecode.swift; path = "String-extension.swift"; sourceTree = "<group>"; };
		8EC63C661F94D53400B52CBC /* SecondWeek.app */ = {isa = PBXFileReference; explicitFileType = wrapper.application; includeInIndex = 0; path = SecondWeek.app; sourceTree = BUILT_PRODUCTS_DIR; };
		8EC63C6E1F94D53400B52CBC /* Base */ = {isa = PBXFileReference; lastKnownFileType = file.storyboard; name = Base; path = Base.lproj/Main.storyboard; sourceTree = "<group>"; };
		8EC63C701F94D53400B52CBC /* Assets.xcassets */ = {isa = PBXFileReference; lastKnownFileType = folder.assetcatalog; path = Assets.xcassets; sourceTree = "<group>"; };
		8EC63C731F94D53400B52CBC /* Base */ = {isa = PBXFileReference; lastKnownFileType = file.storyboard; name = Base; path = Base.lproj/LaunchScreen.storyboard; sourceTree = "<group>"; };
		8EC63C751F94D53400B52CBC /* Info.plist */ = {isa = PBXFileReference; lastKnownFileType = text.plist.xml; path = Info.plist; sourceTree = "<group>"; };
		8EC63C7A1F94D53500B52CBC /* SecondWeekTests.xctest */ = {isa = PBXFileReference; explicitFileType = wrapper.cfbundle; includeInIndex = 0; path = SecondWeekTests.xctest; sourceTree = BUILT_PRODUCTS_DIR; };
		8EC63C7E1F94D53500B52CBC /* FirstWeekTests.swift */ = {isa = PBXFileReference; lastKnownFileType = sourcecode.swift; path = FirstWeekTests.swift; sourceTree = "<group>"; };
		8EC63C801F94D53500B52CBC /* Info.plist */ = {isa = PBXFileReference; lastKnownFileType = text.plist.xml; path = Info.plist; sourceTree = "<group>"; };
		8EC63C851F94D53500B52CBC /* SecondWeekUITests.xctest */ = {isa = PBXFileReference; explicitFileType = wrapper.cfbundle; includeInIndex = 0; path = SecondWeekUITests.xctest; sourceTree = BUILT_PRODUCTS_DIR; };
		8EC63C891F94D53500B52CBC /* FirstWeekUITests.swift */ = {isa = PBXFileReference; lastKnownFileType = sourcecode.swift; path = FirstWeekUITests.swift; sourceTree = "<group>"; };
		8EC63C8B1F94D53500B52CBC /* Info.plist */ = {isa = PBXFileReference; lastKnownFileType = text.plist.xml; path = Info.plist; sourceTree = "<group>"; };
		8EC63C9B1F94D56900B52CBC /* Demo0Controller.swift */ = {isa = PBXFileReference; lastKnownFileType = sourcecode.swift; path = Demo0Controller.swift; sourceTree = "<group>"; };
		8EC63CC31F94D56900B52CBC /* UIView-extension.swift */ = {isa = PBXFileReference; lastKnownFileType = sourcecode.swift; path = "UIView-extension.swift"; sourceTree = "<group>"; };
		8EC63CC61F94D56900B52CBC /* MainViewController.swift */ = {isa = PBXFileReference; lastKnownFileType = sourcecode.swift; path = MainViewController.swift; sourceTree = "<group>"; };
		8EC63CC81F94D56900B52CBC /* HomeworkModel.swift */ = {isa = PBXFileReference; lastKnownFileType = sourcecode.swift; path = HomeworkModel.swift; sourceTree = "<group>"; };
		8EC63CCA1F94D56900B52CBC /* AppDelegate.swift */ = {isa = PBXFileReference; lastKnownFileType = sourcecode.swift; path = AppDelegate.swift; sourceTree = "<group>"; };
		8EC63CCB1F94D56900B52CBC /* homework.plist */ = {isa = PBXFileReference; lastKnownFileType = text.plist.xml; path = homework.plist; sourceTree = "<group>"; };
		8EC63CD51F94DA7C00B52CBC /* Demo1Controller.swift */ = {isa = PBXFileReference; lastKnownFileType = sourcecode.swift; path = Demo1Controller.swift; sourceTree = "<group>"; };
		8EC63CD71F94DA9B00B52CBC /* Demo2Controller.swift */ = {isa = PBXFileReference; lastKnownFileType = sourcecode.swift; path = Demo2Controller.swift; sourceTree = "<group>"; };
		8EC63CD91F94DAA600B52CBC /* Demo3Controller.swift */ = {isa = PBXFileReference; lastKnownFileType = sourcecode.swift; path = Demo3Controller.swift; sourceTree = "<group>"; };
		8EDE0C7E1F9C94CF00B0610A /* FirstWeek.swift */ = {isa = PBXFileReference; lastKnownFileType = sourcecode.swift; path = FirstWeek.swift; sourceTree = "<group>"; };
		8EDE0C801F9C958900B0610A /* UIColor-extension.swift */ = {isa = PBXFileReference; lastKnownFileType = sourcecode.swift; path = "UIColor-extension.swift"; sourceTree = "<group>"; };
/* End PBXFileReference section */

/* Begin PBXFrameworksBuildPhase section */
		8EC63C631F94D53400B52CBC /* Frameworks */ = {
			isa = PBXFrameworksBuildPhase;
			buildActionMask = 2147483647;
			files = (
			);
			runOnlyForDeploymentPostprocessing = 0;
		};
		8EC63C771F94D53500B52CBC /* Frameworks */ = {
			isa = PBXFrameworksBuildPhase;
			buildActionMask = 2147483647;
			files = (
			);
			runOnlyForDeploymentPostprocessing = 0;
		};
		8EC63C821F94D53500B52CBC /* Frameworks */ = {
			isa = PBXFrameworksBuildPhase;
			buildActionMask = 2147483647;
			files = (
			);
			runOnlyForDeploymentPostprocessing = 0;
		};
/* End PBXFrameworksBuildPhase section */

/* Begin PBXGroup section */
		8E77BB831FA5A98000C8FA7E /* Model */ = {
			isa = PBXGroup;
			children = (
				8E77BB861FA5AA3E00C8FA7E /* CardModel.swift */,
			);
			path = Model;
			sourceTree = "<group>";
		};
		8E77BB881FA5AB7500C8FA7E /* View */ = {
			isa = PBXGroup;
			children = (
				8E77BB891FA5ABA400C8FA7E /* CardCell.swift */,
				8E77BB8A1FA5ABA400C8FA7E /* CardCell.xib */,
			);
			path = View;
			sourceTree = "<group>";
		};
		8E77BB8D1FA5B0D600C8FA7E /* Other */ = {
			isa = PBXGroup;
			children = (
				8E77BB9B1FA5B0FC00C8FA7E /* edit-0.jpg */,
				8E77BB991FA5B0FC00C8FA7E /* edit-1.jpg */,
				8E77BB981FA5B0FC00C8FA7E /* edit-2.jpg */,
				8E77BB9A1FA5B0FC00C8FA7E /* edit-3.jpg */,
				8E77BBA01FA5B11200C8FA7E /* edit.plist */,
			);
			path = Other;
			sourceTree = "<group>";
		};
		8E77BB8E1FA5B0D600C8FA7E /* View */ = {
			isa = PBXGroup;
			children = (
				8E77BBAA1FA5B3D000C8FA7E /* EditCell.swift */,
				8E77BBAB1FA5B3D000C8FA7E /* EditCell.xib */,
			);
			path = View;
			sourceTree = "<group>";
		};
		8E77BB8F1FA5B0D600C8FA7E /* Model */ = {
			isa = PBXGroup;
			children = (
				8E77BBA21FA5B1BD00C8FA7E /* EditModel.swift */,
			);
			path = Model;
			sourceTree = "<group>";
		};
		8E77BBAE1FA5B9FD00C8FA7E /* Other */ = {
			isa = PBXGroup;
			children = (
				8E77BBB21FA5BA9C00C8FA7E /* air_de.png */,
				8E77BBB01FA5BA9C00C8FA7E /* air.png */,
				8E77BBB11FA5BA9C00C8FA7E /* phone_de.png */,
				8E77BBB61FA5BA9C00C8FA7E /* phone.png */,
				8E77BBB51FA5BA9C00C8FA7E /* shop_de.png */,
				8E77BBB71FA5BA9C00C8FA7E /* shop.png */,
				8E77BBB41FA5BA9C00C8FA7E /* talk_de.png */,
				8E77BBB31FA5BA9C00C8FA7E /* talk.png */,
				8E77BBC01FA5BABB00C8FA7E /* todolist.plist */,
			);
			path = Other;
			sourceTree = "<group>";
		};
		8E77BBAF1FA5BA0700C8FA7E /* Model */ = {
			isa = PBXGroup;
			children = (
				8E77BBC21FA5BBAF00C8FA7E /* TodolistModel.swift */,
			);
			path = Model;
			sourceTree = "<group>";
		};
		8E884BA21FA4255500920FF4 /* Other */ = {
			isa = PBXGroup;
			children = (
				8E884BA51FA42FE000920FF4 /* avatar */,
				8E5501B11FA4ED070096482F /* address1.plist */,
			);
			path = Other;
			sourceTree = "<group>";
		};
		8E884BA51FA42FE000920FF4 /* avatar */ = {
			isa = PBXGroup;
			children = (
				8E884BB71FA4306200920FF4 /* avatar-0.jpg */,
				8E884BB61FA4306200920FF4 /* avatar-1.jpg */,
				8E884BBA1FA4306300920FF4 /* avatar-2.jpg */,
				8E884BBD1FA4306300920FF4 /* avatar-3.jpg */,
				8E884BBB1FA4306300920FF4 /* avatar-4.jpg */,
				8E884BBC1FA4306300920FF4 /* avatar-5.jpg */,
				8E884BB91FA4306200920FF4 /* avatar-6.jpg */,
				8E884BB81FA4306200920FF4 /* avatar-7.jpg */,
			);
			path = avatar;
			sourceTree = "<group>";
		};
		8E884BC61FA4362E00920FF4 /* Model */ = {
			isa = PBXGroup;
			children = (
				8E884BC71FA4364600920FF4 /* AddressGroupModel.swift */,
				8E5501AF1FA4E3260096482F /* AddressModel.swift */,
			);
			path = Model;
			sourceTree = "<group>";
		};
		8E9F20521FA5911F006D74EE /* Other */ = {
			isa = PBXGroup;
			children = (
				8E77BB801FA5A88900C8FA7E /* cardBg.jpg */,
				8E9F20531FA5912D006D74EE /* card-0.jpg */,
				8E9F20551FA5912D006D74EE /* card-1.jpg */,
				8E9F20541FA5912D006D74EE /* card-2.jpg */,
				8E9F20561FA5912E006D74EE /* card-3.jpg */,
				8E77BB841FA5A99000C8FA7E /* card.plist */,
			);
			path = Other;
			sourceTree = "<group>";
		};
		8EACBFD81FA565440095797A /* View */ = {
			isa = PBXGroup;
			children = (
				8EACBFD91FA565660095797A /* AddressCell.swift */,
				8EACBFDA1FA565660095797A /* AddressCell.xib */,
			);
			path = View;
			sourceTree = "<group>";
		};
		8EC63C5D1F94D53400B52CBC = {
			isa = PBXGroup;
			children = (
				8EC63C681F94D53400B52CBC /* SecondWeek */,
				8EC63C7D1F94D53500B52CBC /* SecondWeekTests */,
				8EC63C881F94D53500B52CBC /* SecondWeekUITests */,
				8EC63C671F94D53400B52CBC /* Products */,
			);
			sourceTree = "<group>";
		};
		8EC63C671F94D53400B52CBC /* Products */ = {
			isa = PBXGroup;
			children = (
				8EC63C661F94D53400B52CBC /* SecondWeek.app */,
				8EC63C7A1F94D53500B52CBC /* SecondWeekTests.xctest */,
				8EC63C851F94D53500B52CBC /* SecondWeekUITests.xctest */,
			);
			name = Products;
			sourceTree = "<group>";
		};
		8EC63C681F94D53400B52CBC /* SecondWeek */ = {
			isa = PBXGroup;
			children = (
				8EC63C971F94D56900B52CBC /* Homework */,
				8EC63CC41F94D56900B52CBC /* Main */,
				8EC63CC21F94D56900B52CBC /* Tools */,
				8EC63C6D1F94D53400B52CBC /* Main.storyboard */,
				8EC63C701F94D53400B52CBC /* Assets.xcassets */,
				8EC63C721F94D53400B52CBC /* LaunchScreen.storyboard */,
				8EC63C751F94D53400B52CBC /* Info.plist */,
			);
			path = SecondWeek;
			sourceTree = "<group>";
		};
		8EC63C7D1F94D53500B52CBC /* SecondWeekTests */ = {
			isa = PBXGroup;
			children = (
				8EC63C7E1F94D53500B52CBC /* FirstWeekTests.swift */,
				8EC63C801F94D53500B52CBC /* Info.plist */,
			);
			path = SecondWeekTests;
			sourceTree = "<group>";
		};
		8EC63C881F94D53500B52CBC /* SecondWeekUITests */ = {
			isa = PBXGroup;
			children = (
				8EC63C891F94D53500B52CBC /* FirstWeekUITests.swift */,
				8EC63C8B1F94D53500B52CBC /* Info.plist */,
			);
			path = SecondWeekUITests;
			sourceTree = "<group>";
		};
		8EC63C971F94D56900B52CBC /* Homework */ = {
			isa = PBXGroup;
			children = (
				8EC63C991F94D56900B52CBC /* demo0 */,
				8EC63C9D1F94D56900B52CBC /* demo1 */,
				8EC63CA01F94D56900B52CBC /* demo2 */,
				8EC63CA31F94D56900B52CBC /* demo3 */,
			);
			path = Homework;
			sourceTree = "<group>";
		};
		8EC63C991F94D56900B52CBC /* demo0 */ = {
			isa = PBXGroup;
			children = (
				8EACBFD81FA565440095797A /* View */,
				8E884BC61FA4362E00920FF4 /* Model */,
				8E884BA21FA4255500920FF4 /* Other */,
				8EC63C9A1F94D56900B52CBC /* Controller */,
			);
			path = demo0;
			sourceTree = "<group>";
		};
		8EC63C9A1F94D56900B52CBC /* Controller */ = {
			isa = PBXGroup;
			children = (
				8EC63C9B1F94D56900B52CBC /* Demo0Controller.swift */,
				8EACBFD41FA4F6CB0095797A /* InfoController.swift */,
			);
			path = Controller;
			sourceTree = "<group>";
		};
		8EC63C9D1F94D56900B52CBC /* demo1 */ = {
			isa = PBXGroup;
			children = (
				8E77BB881FA5AB7500C8FA7E /* View */,
				8E77BB831FA5A98000C8FA7E /* Model */,
				8E9F20521FA5911F006D74EE /* Other */,
				8EC63C9E1F94D56900B52CBC /* Controller */,
			);
			path = demo1;
			sourceTree = "<group>";
		};
		8EC63C9E1F94D56900B52CBC /* Controller */ = {
			isa = PBXGroup;
			children = (
				8EC63CD51F94DA7C00B52CBC /* Demo1Controller.swift */,
			);
			path = Controller;
			sourceTree = "<group>";
		};
		8EC63CA01F94D56900B52CBC /* demo2 */ = {
			isa = PBXGroup;
			children = (
				8E77BBAF1FA5BA0700C8FA7E /* Model */,
				8E77BBAE1FA5B9FD00C8FA7E /* Other */,
				8EC63CA11F94D56900B52CBC /* Controller */,
			);
			path = demo2;
			sourceTree = "<group>";
		};
		8EC63CA11F94D56900B52CBC /* Controller */ = {
			isa = PBXGroup;
			children = (
				8EC63CD71F94DA9B00B52CBC /* Demo2Controller.swift */,
				8E7C0D7B1FA5C0F400A2D011 /* AddController.swift */,
				8E7C0D7C1FA5C0F400A2D011 /* AddController.xib */,
			);
			path = Controller;
			sourceTree = "<group>";
		};
		8EC63CA31F94D56900B52CBC /* demo3 */ = {
			isa = PBXGroup;
			children = (
				8E77BB8F1FA5B0D600C8FA7E /* Model */,
				8E77BB8D1FA5B0D600C8FA7E /* Other */,
				8E77BB8E1FA5B0D600C8FA7E /* View */,
				8EC63CA41F94D56900B52CBC /* Controller */,
			);
			path = demo3;
			sourceTree = "<group>";
		};
		8EC63CA41F94D56900B52CBC /* Controller */ = {
			isa = PBXGroup;
			children = (
				8EC63CD91F94DAA600B52CBC /* Demo3Controller.swift */,
			);
			path = Controller;
			sourceTree = "<group>";
		};
		8EC63CC21F94D56900B52CBC /* Tools */ = {
			isa = PBXGroup;
			children = (
				8EC63CC31F94D56900B52CBC /* UIView-extension.swift */,
				8EDE0C801F9C958900B0610A /* UIColor-extension.swift */,
				8EDE0C7E1F9C94CF00B0610A /* FirstWeek.swift */,
				8EACBFDF1FA57ED10095797A /* String-extension.swift */,
			);
			path = Tools;
			sourceTree = "<group>";
		};
		8EC63CC41F94D56900B52CBC /* Main */ = {
			isa = PBXGroup;
			children = (
				8EC63CC51F94D56900B52CBC /* Controller */,
				8EC63CC71F94D56900B52CBC /* Model */,
				8EC63CC91F94D56900B52CBC /* Other */,
			);
			path = Main;
			sourceTree = "<group>";
		};
		8EC63CC51F94D56900B52CBC /* Controller */ = {
			isa = PBXGroup;
			children = (
				8EC63CC61F94D56900B52CBC /* MainViewController.swift */,
			);
			path = Controller;
			sourceTree = "<group>";
		};
		8EC63CC71F94D56900B52CBC /* Model */ = {
			isa = PBXGroup;
			children = (
				8EC63CC81F94D56900B52CBC /* HomeworkModel.swift */,
			);
			path = Model;
			sourceTree = "<group>";
		};
		8EC63CC91F94D56900B52CBC /* Other */ = {
			isa = PBXGroup;
			children = (
				8EC63CCA1F94D56900B52CBC /* AppDelegate.swift */,
				8EC63CCB1F94D56900B52CBC /* homework.plist */,
			);
			path = Other;
			sourceTree = "<group>";
		};
/* End PBXGroup section */

/* Begin PBXNativeTarget section */
		8EC63C651F94D53400B52CBC /* SecondWeek */ = {
			isa = PBXNativeTarget;
			buildConfigurationList = 8EC63C8E1F94D53500B52CBC /* Build configuration list for PBXNativeTarget "SecondWeek" */;
			buildPhases = (
				8EC63C621F94D53400B52CBC /* Sources */,
				8EC63C631F94D53400B52CBC /* Frameworks */,
				8EC63C641F94D53400B52CBC /* Resources */,
			);
			buildRules = (
			);
			dependencies = (
			);
			name = SecondWeek;
			productName = FirstWeek;
			productReference = 8EC63C661F94D53400B52CBC /* SecondWeek.app */;
			productType = "com.apple.product-type.application";
		};
		8EC63C791F94D53500B52CBC /* SecondWeekTests */ = {
			isa = PBXNativeTarget;
			buildConfigurationList = 8EC63C911F94D53500B52CBC /* Build configuration list for PBXNativeTarget "SecondWeekTests" */;
			buildPhases = (
				8EC63C761F94D53500B52CBC /* Sources */,
				8EC63C771F94D53500B52CBC /* Frameworks */,
				8EC63C781F94D53500B52CBC /* Resources */,
			);
			buildRules = (
			);
			dependencies = (
				8EC63C7C1F94D53500B52CBC /* PBXTargetDependency */,
			);
			name = SecondWeekTests;
			productName = FirstWeekTests;
			productReference = 8EC63C7A1F94D53500B52CBC /* SecondWeekTests.xctest */;
			productType = "com.apple.product-type.bundle.unit-test";
		};
		8EC63C841F94D53500B52CBC /* SecondWeekUITests */ = {
			isa = PBXNativeTarget;
			buildConfigurationList = 8EC63C941F94D53500B52CBC /* Build configuration list for PBXNativeTarget "SecondWeekUITests" */;
			buildPhases = (
				8EC63C811F94D53500B52CBC /* Sources */,
				8EC63C821F94D53500B52CBC /* Frameworks */,
				8EC63C831F94D53500B52CBC /* Resources */,
			);
			buildRules = (
			);
			dependencies = (
				8EC63C871F94D53500B52CBC /* PBXTargetDependency */,
			);
			name = SecondWeekUITests;
			productName = FirstWeekUITests;
			productReference = 8EC63C851F94D53500B52CBC /* SecondWeekUITests.xctest */;
			productType = "com.apple.product-type.bundle.ui-testing";
		};
/* End PBXNativeTarget section */

/* Begin PBXProject section */
		8EC63C5E1F94D53400B52CBC /* Project object */ = {
			isa = PBXProject;
			attributes = {
				LastSwiftUpdateCheck = 0900;
				LastUpgradeCheck = 0900;
				ORGANIZATIONNAME = "荣 Jason";
				TargetAttributes = {
					8EC63C651F94D53400B52CBC = {
						CreatedOnToolsVersion = 9.0;
						ProvisioningStyle = Automatic;
					};
					8EC63C791F94D53500B52CBC = {
						CreatedOnToolsVersion = 9.0;
						ProvisioningStyle = Automatic;
						TestTargetID = 8EC63C651F94D53400B52CBC;
					};
					8EC63C841F94D53500B52CBC = {
						CreatedOnToolsVersion = 9.0;
						ProvisioningStyle = Automatic;
						TestTargetID = 8EC63C651F94D53400B52CBC;
					};
				};
			};
			buildConfigurationList = 8EC63C611F94D53400B52CBC /* Build configuration list for PBXProject "SecondWeek" */;
			compatibilityVersion = "Xcode 8.0";
			developmentRegion = en;
			hasScannedForEncodings = 0;
			knownRegions = (
				en,
				Base,
			);
			mainGroup = 8EC63C5D1F94D53400B52CBC;
			productRefGroup = 8EC63C671F94D53400B52CBC /* Products */;
			projectDirPath = "";
			projectRoot = "";
			targets = (
				8EC63C651F94D53400B52CBC /* SecondWeek */,
				8EC63C791F94D53500B52CBC /* SecondWeekTests */,
				8EC63C841F94D53500B52CBC /* SecondWeekUITests */,
			);
		};
/* End PBXProject section */

/* Begin PBXResourcesBuildPhase section */
		8EC63C641F94D53400B52CBC /* Resources */ = {
			isa = PBXResourcesBuildPhase;
			buildActionMask = 2147483647;
			files = (
				8E9F20571FA5912E006D74EE /* card-0.jpg in Resources */,
				8E884BC31FA4306300920FF4 /* avatar-4.jpg in Resources */,
				8EC63CD01F94D57E00B52CBC /* homework.plist in Resources */,
				8E77BBBA1FA5BA9C00C8FA7E /* air_de.png in Resources */,
				8E77BB811FA5A88900C8FA7E /* cardBg.jpg in Resources */,
				8E7C0D7E1FA5C0F400A2D011 /* AddController.xib in Resources */,
				8E77BB9F1FA5B0FC00C8FA7E /* edit-0.jpg in Resources */,
				8E77BBC11FA5BABB00C8FA7E /* todolist.plist in Resources */,
				8EC63C741F94D53400B52CBC /* LaunchScreen.storyboard in Resources */,
				8E884BC41FA4306300920FF4 /* avatar-5.jpg in Resources */,
				8E9F20581FA5912E006D74EE /* card-2.jpg in Resources */,
				8E77BBAD1FA5B3D000C8FA7E /* EditCell.xib in Resources */,
				8E77BBA11FA5B11200C8FA7E /* edit.plist in Resources */,
				8E77BBB81FA5BA9C00C8FA7E /* air.png in Resources */,
				8E77BB9E1FA5B0FC00C8FA7E /* edit-3.jpg in Resources */,
				8EACBFDC1FA565660095797A /* AddressCell.xib in Resources */,
				8E77BBB91FA5BA9C00C8FA7E /* phone_de.png in Resources */,
				8E5501B21FA4ED070096482F /* address1.plist in Resources */,
				8E884BC21FA4306300920FF4 /* avatar-2.jpg in Resources */,
				8E77BB8C1FA5ABA400C8FA7E /* CardCell.xib in Resources */,
				8E77BBBE1FA5BA9C00C8FA7E /* phone.png in Resources */,
				8E77BBBD1FA5BA9C00C8FA7E /* shop_de.png in Resources */,
				8E77BBBC1FA5BA9C00C8FA7E /* talk_de.png in Resources */,
				8E77BBBF1FA5BA9C00C8FA7E /* shop.png in Resources */,
				8E884BBF1FA4306300920FF4 /* avatar-0.jpg in Resources */,
				8EC63C711F94D53400B52CBC /* Assets.xcassets in Resources */,
				8E884BBE1FA4306300920FF4 /* avatar-1.jpg in Resources */,
				8E77BB9D1FA5B0FC00C8FA7E /* edit-1.jpg in Resources */,
				8E77BB9C1FA5B0FC00C8FA7E /* edit-2.jpg in Resources */,
				8E884BC01FA4306300920FF4 /* avatar-7.jpg in Resources */,
				8E884BC11FA4306300920FF4 /* avatar-6.jpg in Resources */,
				8EC63C6F1F94D53400B52CBC /* Main.storyboard in Resources */,
				8E884BC51FA4306300920FF4 /* avatar-3.jpg in Resources */,
				8E9F205A1FA5912E006D74EE /* card-3.jpg in Resources */,
				8E77BB851FA5A99000C8FA7E /* card.plist in Resources */,
				8E77BBBB1FA5BA9C00C8FA7E /* talk.png in Resources */,
				8E9F20591FA5912E006D74EE /* card-1.jpg in Resources */,
			);
			runOnlyForDeploymentPostprocessing = 0;
		};
		8EC63C781F94D53500B52CBC /* Resources */ = {
			isa = PBXResourcesBuildPhase;
			buildActionMask = 2147483647;
			files = (
			);
			runOnlyForDeploymentPostprocessing = 0;
		};
		8EC63C831F94D53500B52CBC /* Resources */ = {
			isa = PBXResourcesBuildPhase;
			buildActionMask = 2147483647;
			files = (
			);
			runOnlyForDeploymentPostprocessing = 0;
		};
/* End PBXResourcesBuildPhase section */

/* Begin PBXSourcesBuildPhase section */
		8EC63C621F94D53400B52CBC /* Sources */ = {
			isa = PBXSourcesBuildPhase;
			buildActionMask = 2147483647;
			files = (
				8E884BC81FA4364600920FF4 /* AddressGroupModel.swift in Sources */,
				8EACBFD61FA4F6CB0095797A /* InfoController.swift in Sources */,
				8EACBFE01FA57ED10095797A /* String-extension.swift in Sources */,
				8E77BBA31FA5B1BD00C8FA7E /* EditModel.swift in Sources */,
				8EC63CCF1F94D57E00B52CBC /* AppDelegate.swift in Sources */,
				8EC63CCD1F94D57000B52CBC /* UIView-extension.swift in Sources */,
				8E77BB871FA5AA3E00C8FA7E /* CardModel.swift in Sources */,
				8E77BB8B1FA5ABA400C8FA7E /* CardCell.swift in Sources */,
				8EC63CDA1F94DAA600B52CBC /* Demo3Controller.swift in Sources */,
				8EC63CD61F94DA7C00B52CBC /* Demo1Controller.swift in Sources */,
				8EDE0C811F9C958900B0610A /* UIColor-extension.swift in Sources */,
				8EC63CD81F94DA9B00B52CBC /* Demo2Controller.swift in Sources */,
				8E7C0D7D1FA5C0F400A2D011 /* AddController.swift in Sources */,
				8E77BBAC1FA5B3D000C8FA7E /* EditCell.swift in Sources */,
				8EACBFDB1FA565660095797A /* AddressCell.swift in Sources */,
				8EDE0C7F1F9C94CF00B0610A /* FirstWeek.swift in Sources */,
				8E5501B01FA4E3260096482F /* AddressModel.swift in Sources */,
				8EC63CD21F94D58300B52CBC /* HomeworkModel.swift in Sources */,
				8E77BBC31FA5BBAF00C8FA7E /* TodolistModel.swift in Sources */,
				8EC63CD31F94D58C00B52CBC /* Demo0Controller.swift in Sources */,
				8EC63CCE1F94D57600B52CBC /* MainViewController.swift in Sources */,
			);
			runOnlyForDeploymentPostprocessing = 0;
		};
		8EC63C761F94D53500B52CBC /* Sources */ = {
			isa = PBXSourcesBuildPhase;
			buildActionMask = 2147483647;
			files = (
				8EC63C7F1F94D53500B52CBC /* FirstWeekTests.swift in Sources */,
			);
			runOnlyForDeploymentPostprocessing = 0;
		};
		8EC63C811F94D53500B52CBC /* Sources */ = {
			isa = PBXSourcesBuildPhase;
			buildActionMask = 2147483647;
			files = (
				8EC63C8A1F94D53500B52CBC /* FirstWeekUITests.swift in Sources */,
			);
			runOnlyForDeploymentPostprocessing = 0;
		};
/* End PBXSourcesBuildPhase section */

/* Begin PBXTargetDependency section */
		8EC63C7C1F94D53500B52CBC /* PBXTargetDependency */ = {
			isa = PBXTargetDependency;
			target = 8EC63C651F94D53400B52CBC /* SecondWeek */;
			targetProxy = 8EC63C7B1F94D53500B52CBC /* PBXContainerItemProxy */;
		};
		8EC63C871F94D53500B52CBC /* PBXTargetDependency */ = {
			isa = PBXTargetDependency;
			target = 8EC63C651F94D53400B52CBC /* SecondWeek */;
			targetProxy = 8EC63C861F94D53500B52CBC /* PBXContainerItemProxy */;
		};
/* End PBXTargetDependency section */

/* Begin PBXVariantGroup section */
		8EC63C6D1F94D53400B52CBC /* Main.storyboard */ = {
			isa = PBXVariantGroup;
			children = (
				8EC63C6E1F94D53400B52CBC /* Base */,
			);
			name = Main.storyboard;
			sourceTree = "<group>";
		};
		8EC63C721F94D53400B52CBC /* LaunchScreen.storyboard */ = {
			isa = PBXVariantGroup;
			children = (
				8EC63C731F94D53400B52CBC /* Base */,
			);
			name = LaunchScreen.storyboard;
			sourceTree = "<group>";
		};
/* End PBXVariantGroup section */

/* Begin XCBuildConfiguration section */
		8EC63C8C1F94D53500B52CBC /* Debug */ = {
			isa = XCBuildConfiguration;
			buildSettings = {
				ALWAYS_SEARCH_USER_PATHS = NO;
				CLANG_ANALYZER_NONNULL = YES;
				CLANG_ANALYZER_NUMBER_OBJECT_CONVERSION = YES_AGGRESSIVE;
				CLANG_CXX_LANGUAGE_STANDARD = "gnu++14";
				CLANG_CXX_LIBRARY = "libc++";
				CLANG_ENABLE_MODULES = YES;
				CLANG_ENABLE_OBJC_ARC = YES;
				CLANG_WARN_BLOCK_CAPTURE_AUTORELEASING = YES;
				CLANG_WARN_BOOL_CONVERSION = YES;
				CLANG_WARN_COMMA = YES;
				CLANG_WARN_CONSTANT_CONVERSION = YES;
				CLANG_WARN_DIRECT_OBJC_ISA_USAGE = YES_ERROR;
				CLANG_WARN_DOCUMENTATION_COMMENTS = YES;
				CLANG_WARN_EMPTY_BODY = YES;
				CLANG_WARN_ENUM_CONVERSION = YES;
				CLANG_WARN_INFINITE_RECURSION = YES;
				CLANG_WARN_INT_CONVERSION = YES;
				CLANG_WARN_NON_LITERAL_NULL_CONVERSION = YES;
				CLANG_WARN_OBJC_LITERAL_CONVERSION = YES;
				CLANG_WARN_OBJC_ROOT_CLASS = YES_ERROR;
				CLANG_WARN_RANGE_LOOP_ANALYSIS = YES;
				CLANG_WARN_STRICT_PROTOTYPES = YES;
				CLANG_WARN_SUSPICIOUS_MOVE = YES;
				CLANG_WARN_UNGUARDED_AVAILABILITY = YES_AGGRESSIVE;
				CLANG_WARN_UNREACHABLE_CODE = YES;
				CLANG_WARN__DUPLICATE_METHOD_MATCH = YES;
				CODE_SIGN_IDENTITY = "iPhone Developer";
				COPY_PHASE_STRIP = NO;
				DEBUG_INFORMATION_FORMAT = dwarf;
				ENABLE_STRICT_OBJC_MSGSEND = YES;
				ENABLE_TESTABILITY = YES;
				GCC_C_LANGUAGE_STANDARD = gnu11;
				GCC_DYNAMIC_NO_PIC = NO;
				GCC_NO_COMMON_BLOCKS = YES;
				GCC_OPTIMIZATION_LEVEL = 0;
				GCC_PREPROCESSOR_DEFINITIONS = (
					"DEBUG=1",
					"$(inherited)",
				);
				GCC_WARN_64_TO_32_BIT_CONVERSION = YES;
				GCC_WARN_ABOUT_RETURN_TYPE = YES_ERROR;
				GCC_WARN_UNDECLARED_SELECTOR = YES;
				GCC_WARN_UNINITIALIZED_AUTOS = YES_AGGRESSIVE;
				GCC_WARN_UNUSED_FUNCTION = YES;
				GCC_WARN_UNUSED_VARIABLE = YES;
				IPHONEOS_DEPLOYMENT_TARGET = 11.0;
				MTL_ENABLE_DEBUG_INFO = YES;
				ONLY_ACTIVE_ARCH = YES;
				SDKROOT = iphoneos;
				SWIFT_ACTIVE_COMPILATION_CONDITIONS = DEBUG;
				SWIFT_OPTIMIZATION_LEVEL = "-Onone";
			};
			name = Debug;
		};
		8EC63C8D1F94D53500B52CBC /* Release */ = {
			isa = XCBuildConfiguration;
			buildSettings = {
				ALWAYS_SEARCH_USER_PATHS = NO;
				CLANG_ANALYZER_NONNULL = YES;
				CLANG_ANALYZER_NUMBER_OBJECT_CONVERSION = YES_AGGRESSIVE;
				CLANG_CXX_LANGUAGE_STANDARD = "gnu++14";
				CLANG_CXX_LIBRARY = "libc++";
				CLANG_ENABLE_MODULES = YES;
				CLANG_ENABLE_OBJC_ARC = YES;
				CLANG_WARN_BLOCK_CAPTURE_AUTORELEASING = YES;
				CLANG_WARN_BOOL_CONVERSION = YES;
				CLANG_WARN_COMMA = YES;
				CLANG_WARN_CONSTANT_CONVERSION = YES;
				CLANG_WARN_DIRECT_OBJC_ISA_USAGE = YES_ERROR;
				CLANG_WARN_DOCUMENTATION_COMMENTS = YES;
				CLANG_WARN_EMPTY_BODY = YES;
				CLANG_WARN_ENUM_CONVERSION = YES;
				CLANG_WARN_INFINITE_RECURSION = YES;
				CLANG_WARN_INT_CONVERSION = YES;
				CLANG_WARN_NON_LITERAL_NULL_CONVERSION = YES;
				CLANG_WARN_OBJC_LITERAL_CONVERSION = YES;
				CLANG_WARN_OBJC_ROOT_CLASS = YES_ERROR;
				CLANG_WARN_RANGE_LOOP_ANALYSIS = YES;
				CLANG_WARN_STRICT_PROTOTYPES = YES;
				CLANG_WARN_SUSPICIOUS_MOVE = YES;
				CLANG_WARN_UNGUARDED_AVAILABILITY = YES_AGGRESSIVE;
				CLANG_WARN_UNREACHABLE_CODE = YES;
				CLANG_WARN__DUPLICATE_METHOD_MATCH = YES;
				CODE_SIGN_IDENTITY = "iPhone Developer";
				COPY_PHASE_STRIP = NO;
				DEBUG_INFORMATION_FORMAT = "dwarf-with-dsym";
				ENABLE_NS_ASSERTIONS = NO;
				ENABLE_STRICT_OBJC_MSGSEND = YES;
				GCC_C_LANGUAGE_STANDARD = gnu11;
				GCC_NO_COMMON_BLOCKS = YES;
				GCC_WARN_64_TO_32_BIT_CONVERSION = YES;
				GCC_WARN_ABOUT_RETURN_TYPE = YES_ERROR;
				GCC_WARN_UNDECLARED_SELECTOR = YES;
				GCC_WARN_UNINITIALIZED_AUTOS = YES_AGGRESSIVE;
				GCC_WARN_UNUSED_FUNCTION = YES;
				GCC_WARN_UNUSED_VARIABLE = YES;
				IPHONEOS_DEPLOYMENT_TARGET = 11.0;
				MTL_ENABLE_DEBUG_INFO = NO;
				SDKROOT = iphoneos;
				SWIFT_OPTIMIZATION_LEVEL = "-Owholemodule";
				VALIDATE_PRODUCT = YES;
			};
			name = Release;
		};
		8EC63C8F1F94D53500B52CBC /* Debug */ = {
			isa = XCBuildConfiguration;
			buildSettings = {
				ASSETCATALOG_COMPILER_APPICON_NAME = AppIcon;
				CODE_SIGN_STYLE = Automatic;
				DEVELOPMENT_TEAM = W54UPLZLQ8;
				INFOPLIST_FILE = "$(SRCROOT)/SecondWeekUITests/Info.plist";
				LD_RUNPATH_SEARCH_PATHS = "$(inherited) @executable_path/Frameworks";
				PRODUCT_BUNDLE_IDENTIFIER = com.kuyou.SecondWeek;
				PRODUCT_NAME = "$(TARGET_NAME)";
				SWIFT_VERSION = 4.0;
				TARGETED_DEVICE_FAMILY = "1,2";
			};
			name = Debug;
		};
		8EC63C901F94D53500B52CBC /* Release */ = {
			isa = XCBuildConfiguration;
			buildSettings = {
				ASSETCATALOG_COMPILER_APPICON_NAME = AppIcon;
				CODE_SIGN_STYLE = Automatic;
				DEVELOPMENT_TEAM = W54UPLZLQ8;
				INFOPLIST_FILE = "$(SRCROOT)/SecondWeekUITests/Info.plist";
				LD_RUNPATH_SEARCH_PATHS = "$(inherited) @executable_path/Frameworks";
				PRODUCT_BUNDLE_IDENTIFIER = com.kuyou.SecondWeek;
				PRODUCT_NAME = "$(TARGET_NAME)";
				SWIFT_VERSION = 4.0;
				TARGETED_DEVICE_FAMILY = "1,2";
			};
			name = Release;
		};
		8EC63C921F94D53500B52CBC /* Debug */ = {
			isa = XCBuildConfiguration;
			buildSettings = {
				ALWAYS_EMBED_SWIFT_STANDARD_LIBRARIES = YES;
				BUNDLE_LOADER = "$(TEST_HOST)";
				CODE_SIGN_STYLE = Automatic;
				DEVELOPMENT_TEAM = W54UPLZLQ8;
				INFOPLIST_FILE = FirstWeekTests/Info.plist;
				LD_RUNPATH_SEARCH_PATHS = "$(inherited) @executable_path/Frameworks @loader_path/Frameworks";
				PRODUCT_BUNDLE_IDENTIFIER = com.kuyou.FirstWeekTests;
				PRODUCT_NAME = "$(TARGET_NAME)";
				SWIFT_VERSION = 4.0;
				TARGETED_DEVICE_FAMILY = "1,2";
				TEST_HOST = "$(BUILT_PRODUCTS_DIR)/SecondWeek.app/SecondWeek";
			};
			name = Debug;
		};
		8EC63C931F94D53500B52CBC /* Release */ = {
			isa = XCBuildConfiguration;
			buildSettings = {
				ALWAYS_EMBED_SWIFT_STANDARD_LIBRARIES = YES;
				BUNDLE_LOADER = "$(TEST_HOST)";
				CODE_SIGN_STYLE = Automatic;
				DEVELOPMENT_TEAM = W54UPLZLQ8;
				INFOPLIST_FILE = FirstWeekTests/Info.plist;
				LD_RUNPATH_SEARCH_PATHS = "$(inherited) @executable_path/Frameworks @loader_path/Frameworks";
				PRODUCT_BUNDLE_IDENTIFIER = com.kuyou.FirstWeekTests;
				PRODUCT_NAME = "$(TARGET_NAME)";
				SWIFT_VERSION = 4.0;
				TARGETED_DEVICE_FAMILY = "1,2";
				TEST_HOST = "$(BUILT_PRODUCTS_DIR)/SecondWeek.app/SecondWeek";
			};
			name = Release;
		};
		8EC63C951F94D53500B52CBC /* Debug */ = {
			isa = XCBuildConfiguration;
			buildSettings = {
				ALWAYS_EMBED_SWIFT_STANDARD_LIBRARIES = YES;
				CODE_SIGN_STYLE = Automatic;
				DEVELOPMENT_TEAM = W54UPLZLQ8;
				INFOPLIST_FILE = FirstWeekUITests/Info.plist;
				LD_RUNPATH_SEARCH_PATHS = "$(inherited) @executable_path/Frameworks @loader_path/Frameworks";
				PRODUCT_BUNDLE_IDENTIFIER = com.kuyou.FirstWeekUITests;
				PRODUCT_NAME = "$(TARGET_NAME)";
				SWIFT_VERSION = 4.0;
				TARGETED_DEVICE_FAMILY = "1,2";
				TEST_TARGET_NAME = FirstWeek;
			};
			name = Debug;
		};
		8EC63C961F94D53500B52CBC /* Release */ = {
			isa = XCBuildConfiguration;
			buildSettings = {
				ALWAYS_EMBED_SWIFT_STANDARD_LIBRARIES = YES;
				CODE_SIGN_STYLE = Automatic;
				DEVELOPMENT_TEAM = W54UPLZLQ8;
				INFOPLIST_FILE = FirstWeekUITests/Info.plist;
				LD_RUNPATH_SEARCH_PATHS = "$(inherited) @executable_path/Frameworks @loader_path/Frameworks";
				PRODUCT_BUNDLE_IDENTIFIER = com.kuyou.FirstWeekUITests;
				PRODUCT_NAME = "$(TARGET_NAME)";
				SWIFT_VERSION = 4.0;
				TARGETED_DEVICE_FAMILY = "1,2";
				TEST_TARGET_NAME = FirstWeek;
			};
			name = Release;
		};
/* End XCBuildConfiguration section */

/* Begin XCConfigurationList section */
		8EC63C611F94D53400B52CBC /* Build configuration list for PBXProject "SecondWeek" */ = {
			isa = XCConfigurationList;
			buildConfigurations = (
				8EC63C8C1F94D53500B52CBC /* Debug */,
				8EC63C8D1F94D53500B52CBC /* Release */,
			);
			defaultConfigurationIsVisible = 0;
			defaultConfigurationName = Release;
		};
		8EC63C8E1F94D53500B52CBC /* Build configuration list for PBXNativeTarget "SecondWeek" */ = {
			isa = XCConfigurationList;
			buildConfigurations = (
				8EC63C8F1F94D53500B52CBC /* Debug */,
				8EC63C901F94D53500B52CBC /* Release */,
			);
			defaultConfigurationIsVisible = 0;
			defaultConfigurationName = Release;
		};
		8EC63C911F94D53500B52CBC /* Build configuration list for PBXNativeTarget "SecondWeekTests" */ = {
			isa = XCConfigurationList;
			buildConfigurations = (
				8EC63C921F94D53500B52CBC /* Debug */,
				8EC63C931F94D53500B52CBC /* Release */,
			);
			defaultConfigurationIsVisible = 0;
			defaultConfigurationName = Release;
		};
		8EC63C941F94D53500B52CBC /* Build configuration list for PBXNativeTarget "SecondWeekUITests" */ = {
			isa = XCConfigurationList;
			buildConfigurations = (
				8EC63C951F94D53500B52CBC /* Debug */,
				8EC63C961F94D53500B52CBC /* Release */,
			);
			defaultConfigurationIsVisible = 0;
			defaultConfigurationName = Release;
		};
/* End XCConfigurationList section */
	};
	rootObject = 8EC63C5E1F94D53400B52CBC /* Project object */;
}
